
Microsoft Visual Studio Solution File, Format Version 12.00
# Visual Studio 15
VisualStudioVersion = 15.0.27004.2010
MinimumVisualStudioVersion = 10.0.40219.1
Project("{FAE04EC0-301F-11D3-BF4B-00C04F79EFBC}") = "ACM.BL", "ACM.BL\ACM.BL.csproj", "{E9B58AD4-454C-4E4D-8A3F-A55AD14A9B2A}"
EndProject
Project("{2150E333-8FDC-42A3-9474-1A3956D46DE8}") = "Tests", "Tests", "{0290297B-4A20-4D7B-8D76-0AE7D20A5A54}"
EndProject
Project("{FAE04EC0-301F-11D3-BF4B-00C04F79EFBC}") = "ACM.BLTest", "ACM.BLTest\ACM.BLTest.csproj", "{899610AE-B077-4B44-9F0D-650F3F38C7A1}"
EndProject
Global
	GlobalSection(SolutionConfigurationPlatforms) = preSolution
		Debug|Any CPU = Debug|Any CPU
		Release|Any CPU = Release|Any CPU
	EndGlobalSection
	GlobalSection(ProjectConfigurationPlatforms) = postSolution
		{E9B58AD4-454C-4E4D-8A3F-A55AD14A9B2A}.Debug|Any CPU.ActiveCfg = Debug|Any CPU
		{E9B58AD4-454C-4E4D-8A3F-A55AD14A9B2A}.Debug|Any CPU.Build.0 = Debug|Any CPU
		{E9B58AD4-454C-4E4D-8A3F-A55AD14A9B2A}.Release|Any CPU.ActiveCfg = Release|Any CPU
		{E9B58AD4-454C-4E4D-8A3F-A55AD14A9B2A}.Release|Any CPU.Build.0 = Release|Any CPU
		{899610AE-B077-4B44-9F0D-650F3F38C7A1}.Debug|Any CPU.ActiveCfg = Debug|Any CPU
		{899610AE-B077-4B44-9F0D-650F3F38C7A1}.Debug|Any CPU.Build.0 = Debug|Any CPU
		{899610AE-B077-4B44-9F0D-650F3F38C7A1}.Release|Any CPU.ActiveCfg = Release|Any CPU
		{899610AE-B077-4B44-9F0D-650F3F38C7A1}.Release|Any CPU.Build.0 = Release|Any CPU
	EndGlobalSection
	GlobalSection(SolutionProperties) = preSolution
		HideSolutionNode = FALSE
	EndGlobalSection
	GlobalSection(NestedProjects) = preSolution
		{899610AE-B077-4B44-9F0D-650F3F38C7A1} = {0290297B-4A20-4D7B-8D76-0AE7D20A5A54}
	EndGlobalSection
	GlobalSection(ExtensibilityGlobals) = postSolution
		SolutionGuid = {4B8DC8B1-9008-4EFC-9B4D-E282E627ABCA}
	EndGlobalSection
EndGlobal
